
Microsoft Visual Studio Solution File, Format Version 12.00
# Visual Studio Version 17
VisualStudioVersion = 17.7.34018.315
MinimumVisualStudioVersion = 10.0.40219.1
Project("{FAE04EC0-301F-11D3-BF4B-00C04F79EFBC}") = "Assemblies", "Assemblies.csproj", "{1410A074-DF29-4FCF-BB19-AEA5082E3582}"
EndProject
Project("{FAE04EC0-301F-11D3-BF4B-00C04F79EFBC}") = "SelfContained", "..\SelfContained\SelfContained.csproj", "{F38C8C2A-74A2-4460-8E7D-D48F4D230289}"
EndProject
Global
	GlobalSection(SolutionConfigurationPlatforms) = preSolution
		Debug|Any CPU = Debug|Any CPU
		Release|Any CPU = Release|Any CPU
	EndGlobalSection
	GlobalSection(ProjectConfigurationPlatforms) = postSolution
		{1410A074-DF29-4FCF-BB19-AEA5082E3582}.Debug|Any CPU.ActiveCfg = Debug|Any CPU
		{1410A074-DF29-4FCF-BB19-AEA5082E3582}.Debug|Any CPU.Build.0 = Debug|Any CPU
		{1410A074-DF29-4FCF-BB19-AEA5082E3582}.Release|Any CPU.ActiveCfg = Release|Any CPU
		{1410A074-DF29-4FCF-BB19-AEA5082E3582}.Release|Any CPU.Build.0 = Release|Any CPU
		{F38C8C2A-74A2-4460-8E7D-D48F4D230289}.Debug|Any CPU.ActiveCfg = Debug|Any CPU
		{F38C8C2A-74A2-4460-8E7D-D48F4D230289}.Debug|Any CPU.Build.0 = Debug|Any CPU
		{F38C8C2A-74A2-4460-8E7D-D48F4D230289}.Release|Any CPU.ActiveCfg = Release|Any CPU
		{F38C8C2A-74A2-4460-8E7D-D48F4D230289}.Release|Any CPU.Build.0 = Release|Any CPU
	EndGlobalSection
	GlobalSection(SolutionProperties) = preSolution
		HideSolutionNode = FALSE
	EndGlobalSection
	GlobalSection(ExtensibilityGlobals) = postSolution
		SolutionGuid = {A9436C23-E721-441F-9184-C6A4EAF689CF}
	EndGlobalSection
EndGlobal
