
Microsoft Visual Studio Solution File, Format Version 12.00
# Visual Studio Version 17
VisualStudioVersion = 17.7.34018.315
MinimumVisualStudioVersion = 10.0.40219.1
Project("{FAE04EC0-301F-11D3-BF4B-00C04F79EFBC}") = "Session01CS", "Session01CS\Session01CS.csproj", "{F2FB5F84-2278-4C17-BDD3-87A3BF6EE785}"
EndProject
Project("{FAE04EC0-301F-11D3-BF4B-00C04F79EFBC}") = "AboutEnv", "AboutEnv\AboutEnv.csproj", "{850A4162-0376-464D-BD0B-4117CD5C7F9C}"
EndProject
Global
	GlobalSection(SolutionConfigurationPlatforms) = preSolution
		Debug|Any CPU = Debug|Any CPU
		Release|Any CPU = Release|Any CPU
	EndGlobalSection
	GlobalSection(ProjectConfigurationPlatforms) = postSolution
		{F2FB5F84-2278-4C17-BDD3-87A3BF6EE785}.Debug|Any CPU.ActiveCfg = Debug|Any CPU
		{F2FB5F84-2278-4C17-BDD3-87A3BF6EE785}.Debug|Any CPU.Build.0 = Debug|Any CPU
		{F2FB5F84-2278-4C17-BDD3-87A3BF6EE785}.Release|Any CPU.ActiveCfg = Release|Any CPU
		{F2FB5F84-2278-4C17-BDD3-87A3BF6EE785}.Release|Any CPU.Build.0 = Release|Any CPU
		{850A4162-0376-464D-BD0B-4117CD5C7F9C}.Debug|Any CPU.ActiveCfg = Debug|Any CPU
		{850A4162-0376-464D-BD0B-4117CD5C7F9C}.Debug|Any CPU.Build.0 = Debug|Any CPU
		{850A4162-0376-464D-BD0B-4117CD5C7F9C}.Release|Any CPU.ActiveCfg = Release|Any CPU
		{850A4162-0376-464D-BD0B-4117CD5C7F9C}.Release|Any CPU.Build.0 = Release|Any CPU
	EndGlobalSection
	GlobalSection(SolutionProperties) = preSolution
		HideSolutionNode = FALSE
	EndGlobalSection
	GlobalSection(ExtensibilityGlobals) = postSolution
		SolutionGuid = {1376D65A-5AC6-4327-9A43-75203292DBFE}
	EndGlobalSection
EndGlobal
