
Microsoft Visual Studio Solution File, Format Version 12.00
# Visual Studio Version 17
VisualStudioVersion = 17.7.34018.315
MinimumVisualStudioVersion = 10.0.40219.1
Project("{FAE04EC0-301F-11D3-BF4B-00C04F79EFBC}") = "Classlib", "Classlib.csproj", "{A7756663-1BB2-47DE-9DFE-8B32C880E481}"
EndProject
Project("{FAE04EC0-301F-11D3-BF4B-00C04F79EFBC}") = "People", "..\People\People.csproj", "{F25D5979-389B-4554-8861-9BBA933F9335}"
EndProject
Global
	GlobalSection(SolutionConfigurationPlatforms) = preSolution
		Debug|Any CPU = Debug|Any CPU
		Release|Any CPU = Release|Any CPU
	EndGlobalSection
	GlobalSection(ProjectConfigurationPlatforms) = postSolution
		{A7756663-1BB2-47DE-9DFE-8B32C880E481}.Debug|Any CPU.ActiveCfg = Debug|Any CPU
		{A7756663-1BB2-47DE-9DFE-8B32C880E481}.Debug|Any CPU.Build.0 = Debug|Any CPU
		{A7756663-1BB2-47DE-9DFE-8B32C880E481}.Release|Any CPU.ActiveCfg = Release|Any CPU
		{A7756663-1BB2-47DE-9DFE-8B32C880E481}.Release|Any CPU.Build.0 = Release|Any CPU
		{F25D5979-389B-4554-8861-9BBA933F9335}.Debug|Any CPU.ActiveCfg = Debug|Any CPU
		{F25D5979-389B-4554-8861-9BBA933F9335}.Debug|Any CPU.Build.0 = Debug|Any CPU
		{F25D5979-389B-4554-8861-9BBA933F9335}.Release|Any CPU.ActiveCfg = Release|Any CPU
		{F25D5979-389B-4554-8861-9BBA933F9335}.Release|Any CPU.Build.0 = Release|Any CPU
	EndGlobalSection
	GlobalSection(SolutionProperties) = preSolution
		HideSolutionNode = FALSE
	EndGlobalSection
	GlobalSection(ExtensibilityGlobals) = postSolution
		SolutionGuid = {2CCAE33A-E908-44E5-9559-CA14FCE73218}
	EndGlobalSection
EndGlobal
