
Microsoft Visual Studio Solution File, Format Version 12.00
# Visual Studio Version 17
VisualStudioVersion = 17.7.34018.315
MinimumVisualStudioVersion = 10.0.40219.1
Project("{FAE04EC0-301F-11D3-BF4B-00C04F79EFBC}") = "RPG", "RPG.csproj", "{50F30915-3D5D-48C7-96CA-01146C63265D}"
EndProject
Global
	GlobalSection(SolutionConfigurationPlatforms) = preSolution
		Debug|Any CPU = Debug|Any CPU
		Release|Any CPU = Release|Any CPU
	EndGlobalSection
	GlobalSection(ProjectConfigurationPlatforms) = postSolution
		{50F30915-3D5D-48C7-96CA-01146C63265D}.Debug|Any CPU.ActiveCfg = Debug|Any CPU
		{50F30915-3D5D-48C7-96CA-01146C63265D}.Debug|Any CPU.Build.0 = Debug|Any CPU
		{50F30915-3D5D-48C7-96CA-01146C63265D}.Release|Any CPU.ActiveCfg = Release|Any CPU
		{50F30915-3D5D-48C7-96CA-01146C63265D}.Release|Any CPU.Build.0 = Release|Any CPU
	EndGlobalSection
	GlobalSection(SolutionProperties) = preSolution
		HideSolutionNode = FALSE
	EndGlobalSection
	GlobalSection(ExtensibilityGlobals) = postSolution
		SolutionGuid = {E070B37B-AE41-48CA-AC2F-738A70FCE9C0}
	EndGlobalSection
EndGlobal
